// !$*UTF8*$!
{
	archiveVersion = 1;
	classes = {
	};
	objectVersion = 54;
	objects = {

/* Begin PBXBuildFile section */
		027900ACF4BAE8B7294D8135 /* Database.swift in Sources */ = {isa = PBXBuildFile; fileRef = 186323FFC9E83FEC9DAD0E0C /* Database.swift */; };
		04F57B110C33D90CD752EFF9 /* AppDelegate.swift in Sources */ = {isa = PBXBuildFile; fileRef = E15FDB78AA038C798F63F980 /* AppDelegate.swift */; };
		06EFF948623BB35D22D1DC6C /* Assets.xcassets in Resources */ = {isa = PBXBuildFile; fileRef = 8DFECA1069660FAA648050B0 /* Assets.xcassets */; };
		08388A815761079232E4A7A5 /* SessionDetailView.swift in Sources */ = {isa = PBXBuildFile; fileRef = 997C9461B3362018AE665CE9 /* SessionDetailView.swift */; };
		0BD24F885FC96153684E2F1F /* SharingGRDB in Frameworks */ = {isa = PBXBuildFile; productRef = CF8C1C445D58EB6666F7CE8C /* SharingGRDB */; };
		1EAFD3CE313896296E746E9D /* Preview Assets.xcassets in Resources */ = {isa = PBXBuildFile; fileRef = 8DE96769FB2682C96E7AEE19 /* Preview Assets.xcassets */; };
		2338EB38594F35BFA52F6424 /* SessionsListView.swift in Sources */ = {isa = PBXBuildFile; fileRef = E78E17CDAB6D7D006BC6145F /* SessionsListView.swift */; };
		246095C43F68186137D99F59 /* TimelineMotionActivityListView.swift in Sources */ = {isa = PBXBuildFile; fileRef = 38AD4E5F8A1D8913D88A7A8F /* TimelineMotionActivityListView.swift */; };
		24FD563F397813FD77676C51 /* AppDelegate.swift in Sources */ = {isa = PBXBuildFile; fileRef = D1BF42960E46892C2915F62E /* AppDelegate.swift */; };
		28C5D2523F7540914194926E /* RootStore.swift in Sources */ = {isa = PBXBuildFile; fileRef = 0BAA85299D526CCD40F8FA7F /* RootStore.swift */; };
		2B838D27DFA29B434C7FDC0B /* LiveMotionActivityListView.swift in Sources */ = {isa = PBXBuildFile; fileRef = 7C45715C100CCC41E6D7837E /* LiveMotionActivityListView.swift */; };
		365993E605D8CBCE5EE46C76 /* Database.swift in Sources */ = {isa = PBXBuildFile; fileRef = 60DB8414A61BDACE26E37CF6 /* Database.swift */; };
		36DB86A69EB4736D4A8CF7E2 /* MotionActivity.swift in Sources */ = {isa = PBXBuildFile; fileRef = B1DBB7CB13429163383ED787 /* MotionActivity.swift */; };
		37C31ED4C008EEC1DB8DC26A /* LocationsListView.swift in Sources */ = {isa = PBXBuildFile; fileRef = 9D248DB47E5D3E0016341B09 /* LocationsListView.swift */; };
		37DC38E8E8159DD34F18623F /* Assets.xcassets in Resources */ = {isa = PBXBuildFile; fileRef = EE4784F5E815A6AA6F94253F /* Assets.xcassets */; };
		3A68E1EF527846AEFA9F0872 /* LocationsListView.swift in Sources */ = {isa = PBXBuildFile; fileRef = 91A980B6C9D8758336F7EFD2 /* LocationsListView.swift */; };
		3EA748AB832D8076E5FCCAB8 /* Location.swift in Sources */ = {isa = PBXBuildFile; fileRef = 6E9B3D31D2A5F5734B67586A /* Location.swift */; };
		3ECCFB828971F3FF6D0AAE23 /* Session.swift in Sources */ = {isa = PBXBuildFile; fileRef = 1B8A4B00357F402F88EA6A4D /* Session.swift */; };
		3F5E9F2380B2CB12934E625B /* Preview Assets.xcassets in Resources */ = {isa = PBXBuildFile; fileRef = 4057DB167E12A06C3BFE00D4 /* Preview Assets.xcassets */; };
		402FBF98A15C4C7B2CBEAAED /* Session.swift in Sources */ = {isa = PBXBuildFile; fileRef = 7DF2A2E7A8554B937A77675F /* Session.swift */; };
		4155086E41B9FA8C47FF5831 /* MotionActivityFormatters.swift in Sources */ = {isa = PBXBuildFile; fileRef = 07F5422266AA1794A50424F9 /* MotionActivityFormatters.swift */; };
		43685311A4EC64051EF0B5E3 /* AppDelegate.swift in Sources */ = {isa = PBXBuildFile; fileRef = 0472EC67F9ACD187FE037CC1 /* AppDelegate.swift */; };
		43C3F7C88E8B85E7483E8107 /* RootView.swift in Sources */ = {isa = PBXBuildFile; fileRef = 7A4D12C1D4B47F063B4B17B2 /* RootView.swift */; };
		4B78F4BEB098A523D5E9F6A4 /* RootView.swift in Sources */ = {isa = PBXBuildFile; fileRef = 4E13B17C8C3FED78E865937A /* RootView.swift */; };
		5054E20E33A88546D41C82CD /* Location.swift in Sources */ = {isa = PBXBuildFile; fileRef = ABA0F7F3304FEDC073F6D5B8 /* Location.swift */; };
		5C2B830B1FA9B051520E4D1C /* Assets.xcassets in Resources */ = {isa = PBXBuildFile; fileRef = 41091A4E98BE7AB371DFE5BA /* Assets.xcassets */; };
		5D944246B50B7DB0A38BE890 /* GroundTruthLoggerApp.swift in Sources */ = {isa = PBXBuildFile; fileRef = 7EBB3DDDC52E6AB06A04C854 /* GroundTruthLoggerApp.swift */; };
		6219471F49867A780C3B7B9E /* RootStore.swift in Sources */ = {isa = PBXBuildFile; fileRef = 0D53BD5A16BF0E9944384945 /* RootStore.swift */; };
		6366FDD1D1EED275181AF221 /* RootStore.swift in Sources */ = {isa = PBXBuildFile; fileRef = 6B3E77091A9B18687A505840 /* RootStore.swift */; };
		6D39DA0FC02F616C6CB07348 /* SharingGRDB in Frameworks */ = {isa = PBXBuildFile; productRef = ADFBA59BD17E6946420D0029 /* SharingGRDB */; };
		6E3EF25CDFF2FDD918703F22 /* Assets.xcassets in Resources */ = {isa = PBXBuildFile; fileRef = 3C0A33E2C737495DD6F0E3E1 /* Assets.xcassets */; };
		716DE7557C82DD9149668CB4 /* StartEndLocationApp.swift in Sources */ = {isa = PBXBuildFile; fileRef = 44C7A324E0E2ED1C631BB4FD /* StartEndLocationApp.swift */; };
		7F56D14ACE3A1596EEFDA931 /* RootView.swift in Sources */ = {isa = PBXBuildFile; fileRef = 38AEAE8A0D8067E23297CED8 /* RootView.swift */; };
		7FE675FA6BCE6AC24A88D8CD /* ExportDatabaseView.swift in Sources */ = {isa = PBXBuildFile; fileRef = 8E0B1AF77B1C360C708EF95C /* ExportDatabaseView.swift */; };
		88774950FFC0BCE756A06405 /* ExportDatabaseView.swift in Sources */ = {isa = PBXBuildFile; fileRef = 95304CDAE4CA09B57E2D0FF6 /* ExportDatabaseView.swift */; };
		904607AD0E8F1FA23CDC2F4E /* RootView.swift in Sources */ = {isa = PBXBuildFile; fileRef = 5BA0681B1A09621E436687D8 /* RootView.swift */; };
		93198D04D1F021F4AC43AB38 /* Event.swift in Sources */ = {isa = PBXBuildFile; fileRef = 80370E60F14373EB2796C251 /* Event.swift */; };
		93E953E899EC8D5555D9F677 /* RootView.swift in Sources */ = {isa = PBXBuildFile; fileRef = 918EA5E82B17F515ABC46999 /* RootView.swift */; };
		96F644EDF87BFF09D15A8635 /* HistoricalMotionActivityListView.swift in Sources */ = {isa = PBXBuildFile; fileRef = E87CA1C895354D04B8033CF9 /* HistoricalMotionActivityListView.swift */; };
		98EF7200FF76029631954BCF /* AppDelegate.swift in Sources */ = {isa = PBXBuildFile; fileRef = 41878853E68AF83728BABB0B /* AppDelegate.swift */; };
		A5CFA620F518D84E19DC63E2 /* Database.swift in Sources */ = {isa = PBXBuildFile; fileRef = BC1EE7DCAFE8F03B3BE6C175 /* Database.swift */; };
		A6920835C11A449BB487CF41 /* LocationsMapView.swift in Sources */ = {isa = PBXBuildFile; fileRef = 7004D086012A90FFE8BCF8FD /* LocationsMapView.swift */; };
		A92E9E40D48A30B37AD9B554 /* MillisecondDatePicker.swift in Sources */ = {isa = PBXBuildFile; fileRef = D2952707513CA49ECF8D7804 /* MillisecondDatePicker.swift */; };
		A94C915BBEFDA0FCD92E7F4A /* RootStore.swift in Sources */ = {isa = PBXBuildFile; fileRef = 3DE70EAF855C5076BB34058B /* RootStore.swift */; };
		AB611A5BA653BAA2B0BF096A /* Location.swift in Sources */ = {isa = PBXBuildFile; fileRef = 9E12E8055F2BD4273C80AA7F /* Location.swift */; };
		AED4450655CB8E583ABA5ED9 /* Database.swift in Sources */ = {isa = PBXBuildFile; fileRef = 52439038A1A2A4A6F06F4BC6 /* Database.swift */; };
		B9C545FB7C2FA199923BACA8 /* Assets.xcassets in Resources */ = {isa = PBXBuildFile; fileRef = EE705A7A0AF5A9C780685B5B /* Assets.xcassets */; };
		BB3441317176C5ECE5ED1C22 /* Preview Assets.xcassets in Resources */ = {isa = PBXBuildFile; fileRef = EF2093617E9C15E5C8706DF3 /* Preview Assets.xcassets */; };
		BCD3E69ED74B4A4569328CC5 /* MotionActivityApp.swift in Sources */ = {isa = PBXBuildFile; fileRef = B56884514DD5574AF0E79F52 /* MotionActivityApp.swift */; };
		C03D5E3539F35B5D5C4F77DB /* MotionActivityGroup.swift in Sources */ = {isa = PBXBuildFile; fileRef = 94D01E4D3CB69187EA2A47BA /* MotionActivityGroup.swift */; };
		C04BC2C8CB16C9B69FCA520C /* EventsListView.swift in Sources */ = {isa = PBXBuildFile; fileRef = 60D7BF639775FC80E5FF03A1 /* EventsListView.swift */; };
		CC03F24C2FAFD8292FD1FF1B /* SignificantStartLocationApp.swift in Sources */ = {isa = PBXBuildFile; fileRef = 87A796B0664625F07BA22732 /* SignificantStartLocationApp.swift */; };
		D2F42FAE0691BB13515544BB /* ExportDatabaseView.swift in Sources */ = {isa = PBXBuildFile; fileRef = 8B1D37513B7DAA32C7725DB1 /* ExportDatabaseView.swift */; };
		D549C4DABA2A3C757C39822C /* SharingGRDB in Frameworks */ = {isa = PBXBuildFile; productRef = B776F4763A99FC2B90CFFBC4 /* SharingGRDB */; };
		DB0BFB308DB5716C5ADB80DC /* EventDetailView.swift in Sources */ = {isa = PBXBuildFile; fileRef = AFF3ABD6CD7F411EFD09E3D8 /* EventDetailView.swift */; };
		DC5FB667C17AB9F677415726 /* SharingGRDB in Frameworks */ = {isa = PBXBuildFile; productRef = 7CBCFCEE905CD52DBBABE955 /* SharingGRDB */; };
		E162EC30045FE1AD0C6B7FB5 /* SharingGRDB in Frameworks */ = {isa = PBXBuildFile; productRef = 5E8C97371DBEF2370B5B0550 /* SharingGRDB */; };
		E8776F18A720BCB905A319CB /* SignificantChangeApp.swift in Sources */ = {isa = PBXBuildFile; fileRef = 397C76A9C68E9239BC07A8A9 /* SignificantChangeApp.swift */; };
		E88C160E2D53969A8C9D12B1 /* Preview Assets.xcassets in Resources */ = {isa = PBXBuildFile; fileRef = 6453C5D66E81B33E300C0F0B /* Preview Assets.xcassets */; };
		E8BC9500A36C03E1CD85ADD6 /* MotionActivity.swift in Sources */ = {isa = PBXBuildFile; fileRef = 9ED2A24D32A655C7D1FE5C91 /* MotionActivity.swift */; };
		F1773641D91D0599C16D1678 /* RootStore.swift in Sources */ = {isa = PBXBuildFile; fileRef = FE51EBF3B74A513AD41194F2 /* RootStore.swift */; };
/* End PBXBuildFile section */

/* Begin PBXFileReference section */
		0472EC67F9ACD187FE037CC1 /* AppDelegate.swift */ = {isa = PBXFileReference; lastKnownFileType = sourcecode.swift; path = AppDelegate.swift; sourceTree = "<group>"; };
		07F5422266AA1794A50424F9 /* MotionActivityFormatters.swift */ = {isa = PBXFileReference; lastKnownFileType = sourcecode.swift; path = MotionActivityFormatters.swift; sourceTree = "<group>"; };
		0BAA85299D526CCD40F8FA7F /* RootStore.swift */ = {isa = PBXFileReference; lastKnownFileType = sourcecode.swift; path = RootStore.swift; sourceTree = "<group>"; };
		0D53BD5A16BF0E9944384945 /* RootStore.swift */ = {isa = PBXFileReference; lastKnownFileType = sourcecode.swift; path = RootStore.swift; sourceTree = "<group>"; };
		186323FFC9E83FEC9DAD0E0C /* Database.swift */ = {isa = PBXFileReference; lastKnownFileType = sourcecode.swift; path = Database.swift; sourceTree = "<group>"; };
		1AAA35A7FC5CA714786D61FB /* CLAUDE.md */ = {isa = PBXFileReference; lastKnownFileType = net.daringfireball.markdown; path = CLAUDE.md; sourceTree = "<group>"; };
		1B8A4B00357F402F88EA6A4D /* Session.swift */ = {isa = PBXFileReference; lastKnownFileType = sourcecode.swift; path = Session.swift; sourceTree = "<group>"; };
		2697D8AD74FFA20C9B22A119 /* CLAUDE.md */ = {isa = PBXFileReference; lastKnownFileType = net.daringfireball.markdown; path = CLAUDE.md; sourceTree = "<group>"; };
		2DC8E53696E3F00122162025 /* SignificantStartLocation.app */ = {isa = PBXFileReference; includeInIndex = 0; lastKnownFileType = wrapper.application; path = SignificantStartLocation.app; sourceTree = BUILT_PRODUCTS_DIR; };
		38AD4E5F8A1D8913D88A7A8F /* TimelineMotionActivityListView.swift */ = {isa = PBXFileReference; lastKnownFileType = sourcecode.swift; path = TimelineMotionActivityListView.swift; sourceTree = "<group>"; };
		38AEAE8A0D8067E23297CED8 /* RootView.swift */ = {isa = PBXFileReference; lastKnownFileType = sourcecode.swift; path = RootView.swift; sourceTree = "<group>"; };
		397C76A9C68E9239BC07A8A9 /* SignificantChangeApp.swift */ = {isa = PBXFileReference; lastKnownFileType = sourcecode.swift; path = SignificantChangeApp.swift; sourceTree = "<group>"; };
		3A4827235F752896C0936D92 /* Info.plist */ = {isa = PBXFileReference; lastKnownFileType = text.plist; path = Info.plist; sourceTree = "<group>"; };
		3C0A33E2C737495DD6F0E3E1 /* Assets.xcassets */ = {isa = PBXFileReference; lastKnownFileType = folder.assetcatalog; path = Assets.xcassets; sourceTree = "<group>"; };
		3DE70EAF855C5076BB34058B /* RootStore.swift */ = {isa = PBXFileReference; lastKnownFileType = sourcecode.swift; path = RootStore.swift; sourceTree = "<group>"; };
		4057DB167E12A06C3BFE00D4 /* Preview Assets.xcassets */ = {isa = PBXFileReference; lastKnownFileType = folder.assetcatalog; path = "Preview Assets.xcassets"; sourceTree = "<group>"; };
		41091A4E98BE7AB371DFE5BA /* Assets.xcassets */ = {isa = PBXFileReference; lastKnownFileType = folder.assetcatalog; path = Assets.xcassets; sourceTree = "<group>"; };
		41878853E68AF83728BABB0B /* AppDelegate.swift */ = {isa = PBXFileReference; lastKnownFileType = sourcecode.swift; path = AppDelegate.swift; sourceTree = "<group>"; };
		44C7A324E0E2ED1C631BB4FD /* StartEndLocationApp.swift */ = {isa = PBXFileReference; lastKnownFileType = sourcecode.swift; path = StartEndLocationApp.swift; sourceTree = "<group>"; };
		4E13B17C8C3FED78E865937A /* RootView.swift */ = {isa = PBXFileReference; lastKnownFileType = sourcecode.swift; path = RootView.swift; sourceTree = "<group>"; };
		52439038A1A2A4A6F06F4BC6 /* Database.swift */ = {isa = PBXFileReference; lastKnownFileType = sourcecode.swift; path = Database.swift; sourceTree = "<group>"; };
		5BA0681B1A09621E436687D8 /* RootView.swift */ = {isa = PBXFileReference; lastKnownFileType = sourcecode.swift; path = RootView.swift; sourceTree = "<group>"; };
		60D7BF639775FC80E5FF03A1 /* EventsListView.swift */ = {isa = PBXFileReference; lastKnownFileType = sourcecode.swift; path = EventsListView.swift; sourceTree = "<group>"; };
		60DB8414A61BDACE26E37CF6 /* Database.swift */ = {isa = PBXFileReference; lastKnownFileType = sourcecode.swift; path = Database.swift; sourceTree = "<group>"; };
		6453C5D66E81B33E300C0F0B /* Preview Assets.xcassets */ = {isa = PBXFileReference; lastKnownFileType = folder.assetcatalog; path = "Preview Assets.xcassets"; sourceTree = "<group>"; };
		6B3E77091A9B18687A505840 /* RootStore.swift */ = {isa = PBXFileReference; lastKnownFileType = sourcecode.swift; path = RootStore.swift; sourceTree = "<group>"; };
		6E9B3D31D2A5F5734B67586A /* Location.swift */ = {isa = PBXFileReference; lastKnownFileType = sourcecode.swift; path = Location.swift; sourceTree = "<group>"; };
		7004D086012A90FFE8BCF8FD /* LocationsMapView.swift */ = {isa = PBXFileReference; lastKnownFileType = sourcecode.swift; path = LocationsMapView.swift; sourceTree = "<group>"; };
		70888B79264661F034F57388 /* StartEndLocation.app */ = {isa = PBXFileReference; includeInIndex = 0; lastKnownFileType = wrapper.application; path = StartEndLocation.app; sourceTree = BUILT_PRODUCTS_DIR; };
		71A63CC4FCD4A2BE3837A98F /* Info.plist */ = {isa = PBXFileReference; lastKnownFileType = text.plist; path = Info.plist; sourceTree = "<group>"; };
		7A4D12C1D4B47F063B4B17B2 /* RootView.swift */ = {isa = PBXFileReference; lastKnownFileType = sourcecode.swift; path = RootView.swift; sourceTree = "<group>"; };
		7C45715C100CCC41E6D7837E /* LiveMotionActivityListView.swift */ = {isa = PBXFileReference; lastKnownFileType = sourcecode.swift; path = LiveMotionActivityListView.swift; sourceTree = "<group>"; };
		7DF2A2E7A8554B937A77675F /* Session.swift */ = {isa = PBXFileReference; lastKnownFileType = sourcecode.swift; path = Session.swift; sourceTree = "<group>"; };
		7EBB3DDDC52E6AB06A04C854 /* GroundTruthLoggerApp.swift */ = {isa = PBXFileReference; lastKnownFileType = sourcecode.swift; path = GroundTruthLoggerApp.swift; sourceTree = "<group>"; };
		80370E60F14373EB2796C251 /* Event.swift */ = {isa = PBXFileReference; lastKnownFileType = sourcecode.swift; path = Event.swift; sourceTree = "<group>"; };
		82BBD0FD4A65EEF752CC1778 /* Info.plist */ = {isa = PBXFileReference; lastKnownFileType = text.plist; path = Info.plist; sourceTree = "<group>"; };
		87A796B0664625F07BA22732 /* SignificantStartLocationApp.swift */ = {isa = PBXFileReference; lastKnownFileType = sourcecode.swift; path = SignificantStartLocationApp.swift; sourceTree = "<group>"; };
		8B1D37513B7DAA32C7725DB1 /* ExportDatabaseView.swift */ = {isa = PBXFileReference; lastKnownFileType = sourcecode.swift; path = ExportDatabaseView.swift; sourceTree = "<group>"; };
		8DE96769FB2682C96E7AEE19 /* Preview Assets.xcassets */ = {isa = PBXFileReference; lastKnownFileType = folder.assetcatalog; path = "Preview Assets.xcassets"; sourceTree = "<group>"; };
		8DFECA1069660FAA648050B0 /* Assets.xcassets */ = {isa = PBXFileReference; lastKnownFileType = folder.assetcatalog; path = Assets.xcassets; sourceTree = "<group>"; };
		8E0B1AF77B1C360C708EF95C /* ExportDatabaseView.swift */ = {isa = PBXFileReference; lastKnownFileType = sourcecode.swift; path = ExportDatabaseView.swift; sourceTree = "<group>"; };
		918EA5E82B17F515ABC46999 /* RootView.swift */ = {isa = PBXFileReference; lastKnownFileType = sourcecode.swift; path = RootView.swift; sourceTree = "<group>"; };
		91A980B6C9D8758336F7EFD2 /* LocationsListView.swift */ = {isa = PBXFileReference; lastKnownFileType = sourcecode.swift; path = LocationsListView.swift; sourceTree = "<group>"; };
		94D01E4D3CB69187EA2A47BA /* MotionActivityGroup.swift */ = {isa = PBXFileReference; lastKnownFileType = sourcecode.swift; path = MotionActivityGroup.swift; sourceTree = "<group>"; };
		95304CDAE4CA09B57E2D0FF6 /* ExportDatabaseView.swift */ = {isa = PBXFileReference; lastKnownFileType = sourcecode.swift; path = ExportDatabaseView.swift; sourceTree = "<group>"; };
		997C9461B3362018AE665CE9 /* SessionDetailView.swift */ = {isa = PBXFileReference; lastKnownFileType = sourcecode.swift; path = SessionDetailView.swift; sourceTree = "<group>"; };
		9D248DB47E5D3E0016341B09 /* LocationsListView.swift */ = {isa = PBXFileReference; lastKnownFileType = sourcecode.swift; path = LocationsListView.swift; sourceTree = "<group>"; };
		9E12E8055F2BD4273C80AA7F /* Location.swift */ = {isa = PBXFileReference; lastKnownFileType = sourcecode.swift; path = Location.swift; sourceTree = "<group>"; };
		9ED2A24D32A655C7D1FE5C91 /* MotionActivity.swift */ = {isa = PBXFileReference; lastKnownFileType = sourcecode.swift; path = MotionActivity.swift; sourceTree = "<group>"; };
		A62DBF78BE6AC7AFB437F226 /* CLAUDE.md */ = {isa = PBXFileReference; lastKnownFileType = net.daringfireball.markdown; path = CLAUDE.md; sourceTree = "<group>"; };
		ABA0F7F3304FEDC073F6D5B8 /* Location.swift */ = {isa = PBXFileReference; lastKnownFileType = sourcecode.swift; path = Location.swift; sourceTree = "<group>"; };
		AFF3ABD6CD7F411EFD09E3D8 /* EventDetailView.swift */ = {isa = PBXFileReference; lastKnownFileType = sourcecode.swift; path = EventDetailView.swift; sourceTree = "<group>"; };
		B1DBB7CB13429163383ED787 /* MotionActivity.swift */ = {isa = PBXFileReference; lastKnownFileType = sourcecode.swift; path = MotionActivity.swift; sourceTree = "<group>"; };
		B56884514DD5574AF0E79F52 /* MotionActivityApp.swift */ = {isa = PBXFileReference; lastKnownFileType = sourcecode.swift; path = MotionActivityApp.swift; sourceTree = "<group>"; };
		B73FE975540A245E41FAFE34 /* SignificantChange.app */ = {isa = PBXFileReference; includeInIndex = 0; lastKnownFileType = wrapper.application; path = SignificantChange.app; sourceTree = BUILT_PRODUCTS_DIR; };
		B95AE31087A9034BB2203463 /* MotionActivity.app */ = {isa = PBXFileReference; includeInIndex = 0; lastKnownFileType = wrapper.application; path = MotionActivity.app; sourceTree = BUILT_PRODUCTS_DIR; };
		BC1EE7DCAFE8F03B3BE6C175 /* Database.swift */ = {isa = PBXFileReference; lastKnownFileType = sourcecode.swift; path = Database.swift; sourceTree = "<group>"; };
		BCE612CF9CB26794302BA1C7 /* Info.plist */ = {isa = PBXFileReference; lastKnownFileType = text.plist; path = Info.plist; sourceTree = "<group>"; };
		BD13A584825DAB91B60CD092 /* CLAUDE.md */ = {isa = PBXFileReference; lastKnownFileType = net.daringfireball.markdown; path = CLAUDE.md; sourceTree = "<group>"; };
		BD6C9EA8F14181CFC46B7FB9 /* GroundTruthLogger.app */ = {isa = PBXFileReference; includeInIndex = 0; lastKnownFileType = wrapper.application; path = GroundTruthLogger.app; sourceTree = BUILT_PRODUCTS_DIR; };
		C4265C695B3D3FCAF7294813 /* CLAUDE.md */ = {isa = PBXFileReference; lastKnownFileType = net.daringfireball.markdown; path = CLAUDE.md; sourceTree = "<group>"; };
		D1BF42960E46892C2915F62E /* AppDelegate.swift */ = {isa = PBXFileReference; lastKnownFileType = sourcecode.swift; path = AppDelegate.swift; sourceTree = "<group>"; };
		D2952707513CA49ECF8D7804 /* MillisecondDatePicker.swift */ = {isa = PBXFileReference; lastKnownFileType = sourcecode.swift; path = MillisecondDatePicker.swift; sourceTree = "<group>"; };
		E15FDB78AA038C798F63F980 /* AppDelegate.swift */ = {isa = PBXFileReference; lastKnownFileType = sourcecode.swift; path = AppDelegate.swift; sourceTree = "<group>"; };
		E5F8570288E1435D45C04D9C /* CLAUDE.md */ = {isa = PBXFileReference; lastKnownFileType = net.daringfireball.markdown; path = CLAUDE.md; sourceTree = "<group>"; };
		E78E17CDAB6D7D006BC6145F /* SessionsListView.swift */ = {isa = PBXFileReference; lastKnownFileType = sourcecode.swift; path = SessionsListView.swift; sourceTree = "<group>"; };
		E87CA1C895354D04B8033CF9 /* HistoricalMotionActivityListView.swift */ = {isa = PBXFileReference; lastKnownFileType = sourcecode.swift; path = HistoricalMotionActivityListView.swift; sourceTree = "<group>"; };
		EC84DD785019854A366C3B45 /* Info.plist */ = {isa = PBXFileReference; lastKnownFileType = text.plist; path = Info.plist; sourceTree = "<group>"; };
		EE4784F5E815A6AA6F94253F /* Assets.xcassets */ = {isa = PBXFileReference; lastKnownFileType = folder.assetcatalog; path = Assets.xcassets; sourceTree = "<group>"; };
		EE705A7A0AF5A9C780685B5B /* Assets.xcassets */ = {isa = PBXFileReference; lastKnownFileType = folder.assetcatalog; path = Assets.xcassets; sourceTree = "<group>"; };
		EF2093617E9C15E5C8706DF3 /* Preview Assets.xcassets */ = {isa = PBXFileReference; lastKnownFileType = folder.assetcatalog; path = "Preview Assets.xcassets"; sourceTree = "<group>"; };
		FE51EBF3B74A513AD41194F2 /* RootStore.swift */ = {isa = PBXFileReference; lastKnownFileType = sourcecode.swift; path = RootStore.swift; sourceTree = "<group>"; };
/* End PBXFileReference section */

/* Begin PBXFrameworksBuildPhase section */
		0660CC9CB45219AAF2CEBD6B /* Frameworks */ = {
			isa = PBXFrameworksBuildPhase;
			buildActionMask = 2147483647;
			files = (
				DC5FB667C17AB9F677415726 /* SharingGRDB in Frameworks */,
			);
			runOnlyForDeploymentPostprocessing = 0;
		};
		0AA1C857B474662AA6A76893 /* Frameworks */ = {
			isa = PBXFrameworksBuildPhase;
			buildActionMask = 2147483647;
			files = (
				0BD24F885FC96153684E2F1F /* SharingGRDB in Frameworks */,
			);
			runOnlyForDeploymentPostprocessing = 0;
		};
		2B6786E848D6685B1E60CF90 /* Frameworks */ = {
			isa = PBXFrameworksBuildPhase;
			buildActionMask = 2147483647;
			files = (
				E162EC30045FE1AD0C6B7FB5 /* SharingGRDB in Frameworks */,
			);
			runOnlyForDeploymentPostprocessing = 0;
		};
		6E87F2C110FEA45D841A7EAC /* Frameworks */ = {
			isa = PBXFrameworksBuildPhase;
			buildActionMask = 2147483647;
			files = (
				D549C4DABA2A3C757C39822C /* SharingGRDB in Frameworks */,
			);
			runOnlyForDeploymentPostprocessing = 0;
		};
		C37D5DAC7187CC7410DD7D7E /* Frameworks */ = {
			isa = PBXFrameworksBuildPhase;
			buildActionMask = 2147483647;
			files = (
				6D39DA0FC02F616C6CB07348 /* SharingGRDB in Frameworks */,
			);
			runOnlyForDeploymentPostprocessing = 0;
		};
/* End PBXFrameworksBuildPhase section */

/* Begin PBXGroup section */
		07DEF060A4972A6820FE24E0 /* Preview Content */ = {
			isa = PBXGroup;
			children = (
				4057DB167E12A06C3BFE00D4 /* Preview Assets.xcassets */,
			);
			path = "Preview Content";
			sourceTree = "<group>";
		};
		2499685C72695E3A63189DE2 /* StartEndLocation */ = {
			isa = PBXGroup;
			children = (
				41878853E68AF83728BABB0B /* AppDelegate.swift */,
				41091A4E98BE7AB371DFE5BA /* Assets.xcassets */,
				A62DBF78BE6AC7AFB437F226 /* CLAUDE.md */,
				BC1EE7DCAFE8F03B3BE6C175 /* Database.swift */,
				95304CDAE4CA09B57E2D0FF6 /* ExportDatabaseView.swift */,
				82BBD0FD4A65EEF752CC1778 /* Info.plist */,
				9E12E8055F2BD4273C80AA7F /* Location.swift */,
				B1DBB7CB13429163383ED787 /* MotionActivity.swift */,
				0BAA85299D526CCD40F8FA7F /* RootStore.swift */,
				918EA5E82B17F515ABC46999 /* RootView.swift */,
				1B8A4B00357F402F88EA6A4D /* Session.swift */,
				997C9461B3362018AE665CE9 /* SessionDetailView.swift */,
				E78E17CDAB6D7D006BC6145F /* SessionsListView.swift */,
				44C7A324E0E2ED1C631BB4FD /* StartEndLocationApp.swift */,
				7355C6E994570F3FC243F247 /* Preview Content */,
			);
			path = StartEndLocation;
			sourceTree = "<group>";
		};
		2ED4A01FB25DE796DA863A47 /* SignificantChange */ = {
			isa = PBXGroup;
			children = (
				D1BF42960E46892C2915F62E /* AppDelegate.swift */,
				EE705A7A0AF5A9C780685B5B /* Assets.xcassets */,
				C4265C695B3D3FCAF7294813 /* CLAUDE.md */,
				60DB8414A61BDACE26E37CF6 /* Database.swift */,
				8E0B1AF77B1C360C708EF95C /* ExportDatabaseView.swift */,
				71A63CC4FCD4A2BE3837A98F /* Info.plist */,
				6E9B3D31D2A5F5734B67586A /* Location.swift */,
				91A980B6C9D8758336F7EFD2 /* LocationsListView.swift */,
				7004D086012A90FFE8BCF8FD /* LocationsMapView.swift */,
				0D53BD5A16BF0E9944384945 /* RootStore.swift */,
				38AEAE8A0D8067E23297CED8 /* RootView.swift */,
				397C76A9C68E9239BC07A8A9 /* SignificantChangeApp.swift */,
				ECEFE74AF76BB4C473BEEF1A /* Preview Content */,
			);
			path = SignificantChange;
			sourceTree = "<group>";
		};
		3307D3860F7A7CA7B3A35DF7 = {
			isa = PBXGroup;
			children = (
				BD13A584825DAB91B60CD092 /* CLAUDE.md */,
				54E94B9A17FDC577649DD809 /* GroundTruthLogger */,
				E8113F1C80F295DF7579DE7F /* MotionActivity */,
				2ED4A01FB25DE796DA863A47 /* SignificantChange */,
				3B4016F608ACB7792BDE4CE6 /* SignificantStartLocation */,
				2499685C72695E3A63189DE2 /* StartEndLocation */,
				6E7DF4051BD1174630658B0A /* Products */,
			);
			sourceTree = "<group>";
		};
		3B4016F608ACB7792BDE4CE6 /* SignificantStartLocation */ = {
			isa = PBXGroup;
			children = (
				0472EC67F9ACD187FE037CC1 /* AppDelegate.swift */,
				8DFECA1069660FAA648050B0 /* Assets.xcassets */,
				2697D8AD74FFA20C9B22A119 /* CLAUDE.md */,
				52439038A1A2A4A6F06F4BC6 /* Database.swift */,
				8B1D37513B7DAA32C7725DB1 /* ExportDatabaseView.swift */,
				EC84DD785019854A366C3B45 /* Info.plist */,
				ABA0F7F3304FEDC073F6D5B8 /* Location.swift */,
				9D248DB47E5D3E0016341B09 /* LocationsListView.swift */,
				6B3E77091A9B18687A505840 /* RootStore.swift */,
				5BA0681B1A09621E436687D8 /* RootView.swift */,
				7DF2A2E7A8554B937A77675F /* Session.swift */,
				87A796B0664625F07BA22732 /* SignificantStartLocationApp.swift */,
				07DEF060A4972A6820FE24E0 /* Preview Content */,
			);
			path = SignificantStartLocation;
			sourceTree = "<group>";
		};
		54E94B9A17FDC577649DD809 /* GroundTruthLogger */ = {
			isa = PBXGroup;
			children = (
				E15FDB78AA038C798F63F980 /* AppDelegate.swift */,
				EE4784F5E815A6AA6F94253F /* Assets.xcassets */,
				E5F8570288E1435D45C04D9C /* CLAUDE.md */,
				186323FFC9E83FEC9DAD0E0C /* Database.swift */,
				80370E60F14373EB2796C251 /* Event.swift */,
				AFF3ABD6CD7F411EFD09E3D8 /* EventDetailView.swift */,
				60D7BF639775FC80E5FF03A1 /* EventsListView.swift */,
				7EBB3DDDC52E6AB06A04C854 /* GroundTruthLoggerApp.swift */,
				BCE612CF9CB26794302BA1C7 /* Info.plist */,
				D2952707513CA49ECF8D7804 /* MillisecondDatePicker.swift */,
				3DE70EAF855C5076BB34058B /* RootStore.swift */,
				7A4D12C1D4B47F063B4B17B2 /* RootView.swift */,
			);
			path = GroundTruthLogger;
			sourceTree = "<group>";
		};
		6E7DF4051BD1174630658B0A /* Products */ = {
			isa = PBXGroup;
			children = (
				BD6C9EA8F14181CFC46B7FB9 /* GroundTruthLogger.app */,
				B95AE31087A9034BB2203463 /* MotionActivity.app */,
				B73FE975540A245E41FAFE34 /* SignificantChange.app */,
				2DC8E53696E3F00122162025 /* SignificantStartLocation.app */,
				70888B79264661F034F57388 /* StartEndLocation.app */,
			);
			name = Products;
			sourceTree = "<group>";
		};
		7355C6E994570F3FC243F247 /* Preview Content */ = {
			isa = PBXGroup;
			children = (
				EF2093617E9C15E5C8706DF3 /* Preview Assets.xcassets */,
			);
			path = "Preview Content";
			sourceTree = "<group>";
		};
		762B66DD1FB73B42FD8F4F19 /* Preview Content */ = {
			isa = PBXGroup;
			children = (
				6453C5D66E81B33E300C0F0B /* Preview Assets.xcassets */,
			);
			path = "Preview Content";
			sourceTree = "<group>";
		};
		E8113F1C80F295DF7579DE7F /* MotionActivity */ = {
			isa = PBXGroup;
			children = (
				3C0A33E2C737495DD6F0E3E1 /* Assets.xcassets */,
				1AAA35A7FC5CA714786D61FB /* CLAUDE.md */,
				E87CA1C895354D04B8033CF9 /* HistoricalMotionActivityListView.swift */,
				3A4827235F752896C0936D92 /* Info.plist */,
				7C45715C100CCC41E6D7837E /* LiveMotionActivityListView.swift */,
				9ED2A24D32A655C7D1FE5C91 /* MotionActivity.swift */,
				B56884514DD5574AF0E79F52 /* MotionActivityApp.swift */,
				07F5422266AA1794A50424F9 /* MotionActivityFormatters.swift */,
				94D01E4D3CB69187EA2A47BA /* MotionActivityGroup.swift */,
				FE51EBF3B74A513AD41194F2 /* RootStore.swift */,
				4E13B17C8C3FED78E865937A /* RootView.swift */,
				38AD4E5F8A1D8913D88A7A8F /* TimelineMotionActivityListView.swift */,
				762B66DD1FB73B42FD8F4F19 /* Preview Content */,
			);
			path = MotionActivity;
			sourceTree = "<group>";
		};
		ECEFE74AF76BB4C473BEEF1A /* Preview Content */ = {
			isa = PBXGroup;
			children = (
				8DE96769FB2682C96E7AEE19 /* Preview Assets.xcassets */,
			);
			path = "Preview Content";
			sourceTree = "<group>";
		};
/* End PBXGroup section */

/* Begin PBXNativeTarget section */
		084A01CEBFF5588F92488741 /* StartEndLocation */ = {
			isa = PBXNativeTarget;
			buildConfigurationList = D54F7E80AD5282B7C0236470 /* Build configuration list for PBXNativeTarget "StartEndLocation" */;
			buildPhases = (
				782AAFBAD1F59D9F0A4F934A /* Sources */,
				98EE95CB17AF7F78B53310F8 /* Resources */,
				2B6786E848D6685B1E60CF90 /* Frameworks */,
			);
			buildRules = (
			);
			dependencies = (
			);
			name = StartEndLocation;
			packageProductDependencies = (
				5E8C97371DBEF2370B5B0550 /* SharingGRDB */,
			);
			productName = StartEndLocation;
			productReference = 70888B79264661F034F57388 /* StartEndLocation.app */;
			productType = "com.apple.product-type.application";
		};
		4152D0C38075C2282BE5361E /* GroundTruthLogger */ = {
			isa = PBXNativeTarget;
			buildConfigurationList = F2EC744DDD6695F63F2F4D43 /* Build configuration list for PBXNativeTarget "GroundTruthLogger" */;
			buildPhases = (
				4518B46786990FC0592AE9FC /* Sources */,
				8CE38CA9A6DBD4FACBB8EA5C /* Resources */,
				6E87F2C110FEA45D841A7EAC /* Frameworks */,
			);
			buildRules = (
			);
			dependencies = (
			);
			name = GroundTruthLogger;
			packageProductDependencies = (
				B776F4763A99FC2B90CFFBC4 /* SharingGRDB */,
			);
			productName = GroundTruthLogger;
			productReference = BD6C9EA8F14181CFC46B7FB9 /* GroundTruthLogger.app */;
			productType = "com.apple.product-type.application";
		};
		4A9ABFBEE0679A7C42D9D8A0 /* SignificantStartLocation */ = {
			isa = PBXNativeTarget;
			buildConfigurationList = EE3CC435B02A1CE1D05D2F5F /* Build configuration list for PBXNativeTarget "SignificantStartLocation" */;
			buildPhases = (
				B2B9E3E38DA7AA7F298547B1 /* Sources */,
				D2872F6C22F2A3B3CCB7BC71 /* Resources */,
				C37D5DAC7187CC7410DD7D7E /* Frameworks */,
			);
			buildRules = (
			);
			dependencies = (
			);
			name = SignificantStartLocation;
			packageProductDependencies = (
				ADFBA59BD17E6946420D0029 /* SharingGRDB */,
			);
			productName = SignificantStartLocation;
			productReference = 2DC8E53696E3F00122162025 /* SignificantStartLocation.app */;
			productType = "com.apple.product-type.application";
		};
		927024F8DD398C84AE4D215E /* SignificantChange */ = {
			isa = PBXNativeTarget;
			buildConfigurationList = 9C98A8FBDCDCF237FDC7725E /* Build configuration list for PBXNativeTarget "SignificantChange" */;
			buildPhases = (
				0ED1909D471FADBAE3924EFD /* Sources */,
				9DD236F05B3958CA6063375A /* Resources */,
				0AA1C857B474662AA6A76893 /* Frameworks */,
			);
			buildRules = (
			);
			dependencies = (
			);
			name = SignificantChange;
			packageProductDependencies = (
				CF8C1C445D58EB6666F7CE8C /* SharingGRDB */,
			);
			productName = SignificantChange;
			productReference = B73FE975540A245E41FAFE34 /* SignificantChange.app */;
			productType = "com.apple.product-type.application";
		};
		9501D029290422CFE3C43A31 /* MotionActivity */ = {
			isa = PBXNativeTarget;
			buildConfigurationList = F3A8282DBA83D6A26A7B4AF0 /* Build configuration list for PBXNativeTarget "MotionActivity" */;
			buildPhases = (
				16E79ACA996D3F28EDF4AEF8 /* Sources */,
				ACE5A509E747463DC1521C73 /* Resources */,
				0660CC9CB45219AAF2CEBD6B /* Frameworks */,
			);
			buildRules = (
			);
			dependencies = (
			);
			name = MotionActivity;
			packageProductDependencies = (
				7CBCFCEE905CD52DBBABE955 /* SharingGRDB */,
			);
			productName = MotionActivity;
			productReference = B95AE31087A9034BB2203463 /* MotionActivity.app */;
			productType = "com.apple.product-type.application";
		};
/* End PBXNativeTarget section */

/* Begin PBXProject section */
		DC472B58C71706AC819192C4 /* Project object */ = {
			isa = PBXProject;
			attributes = {
				BuildIndependentTargetsInParallel = YES;
				LastUpgradeCheck = 1430;
				TargetAttributes = {
					084A01CEBFF5588F92488741 = {
						DevelopmentTeam = YK25EF78NT;
					};
					4152D0C38075C2282BE5361E = {
						DevelopmentTeam = YK25EF78NT;
					};
					4A9ABFBEE0679A7C42D9D8A0 = {
						DevelopmentTeam = YK25EF78NT;
					};
					927024F8DD398C84AE4D215E = {
						DevelopmentTeam = YK25EF78NT;
					};
					9501D029290422CFE3C43A31 = {
						DevelopmentTeam = YK25EF78NT;
					};
				};
			};
			buildConfigurationList = D6CFBAB1A18DF3F455ABF4EF /* Build configuration list for PBXProject "train-tracker-talk" */;
			compatibilityVersion = "Xcode 14.0";
			developmentRegion = en;
			hasScannedForEncodings = 0;
			knownRegions = (
				Base,
				en,
			);
			mainGroup = 3307D3860F7A7CA7B3A35DF7;
			minimizedProjectReferenceProxies = 1;
			packageReferences = (
				C46381C78FF4F43BAADBE003 /* XCRemoteSwiftPackageReference "sharing-grdb" */,
			);
			preferredProjectObjectVersion = 54;
			projectDirPath = "";
			projectRoot = "";
			targets = (
				4152D0C38075C2282BE5361E /* GroundTruthLogger */,
				9501D029290422CFE3C43A31 /* MotionActivity */,
				927024F8DD398C84AE4D215E /* SignificantChange */,
				4A9ABFBEE0679A7C42D9D8A0 /* SignificantStartLocation */,
				084A01CEBFF5588F92488741 /* StartEndLocation */,
			);
		};
/* End PBXProject section */

/* Begin PBXResourcesBuildPhase section */
		8CE38CA9A6DBD4FACBB8EA5C /* Resources */ = {
			isa = PBXResourcesBuildPhase;
			buildActionMask = 2147483647;
			files = (
				37DC38E8E8159DD34F18623F /* Assets.xcassets in Resources */,
			);
			runOnlyForDeploymentPostprocessing = 0;
		};
		98EE95CB17AF7F78B53310F8 /* Resources */ = {
			isa = PBXResourcesBuildPhase;
			buildActionMask = 2147483647;
			files = (
				5C2B830B1FA9B051520E4D1C /* Assets.xcassets in Resources */,
				BB3441317176C5ECE5ED1C22 /* Preview Assets.xcassets in Resources */,
			);
			runOnlyForDeploymentPostprocessing = 0;
		};
		9DD236F05B3958CA6063375A /* Resources */ = {
			isa = PBXResourcesBuildPhase;
			buildActionMask = 2147483647;
			files = (
				B9C545FB7C2FA199923BACA8 /* Assets.xcassets in Resources */,
				1EAFD3CE313896296E746E9D /* Preview Assets.xcassets in Resources */,
			);
			runOnlyForDeploymentPostprocessing = 0;
		};
		ACE5A509E747463DC1521C73 /* Resources */ = {
			isa = PBXResourcesBuildPhase;
			buildActionMask = 2147483647;
			files = (
				6E3EF25CDFF2FDD918703F22 /* Assets.xcassets in Resources */,
				E88C160E2D53969A8C9D12B1 /* Preview Assets.xcassets in Resources */,
			);
			runOnlyForDeploymentPostprocessing = 0;
		};
		D2872F6C22F2A3B3CCB7BC71 /* Resources */ = {
			isa = PBXResourcesBuildPhase;
			buildActionMask = 2147483647;
			files = (
				06EFF948623BB35D22D1DC6C /* Assets.xcassets in Resources */,
				3F5E9F2380B2CB12934E625B /* Preview Assets.xcassets in Resources */,
			);
			runOnlyForDeploymentPostprocessing = 0;
		};
/* End PBXResourcesBuildPhase section */

/* Begin PBXSourcesBuildPhase section */
		0ED1909D471FADBAE3924EFD /* Sources */ = {
			isa = PBXSourcesBuildPhase;
			buildActionMask = 2147483647;
			files = (
				24FD563F397813FD77676C51 /* AppDelegate.swift in Sources */,
				365993E605D8CBCE5EE46C76 /* Database.swift in Sources */,
				7FE675FA6BCE6AC24A88D8CD /* ExportDatabaseView.swift in Sources */,
				3EA748AB832D8076E5FCCAB8 /* Location.swift in Sources */,
				3A68E1EF527846AEFA9F0872 /* LocationsListView.swift in Sources */,
				A6920835C11A449BB487CF41 /* LocationsMapView.swift in Sources */,
				6219471F49867A780C3B7B9E /* RootStore.swift in Sources */,
				7F56D14ACE3A1596EEFDA931 /* RootView.swift in Sources */,
				E8776F18A720BCB905A319CB /* SignificantChangeApp.swift in Sources */,
			);
			runOnlyForDeploymentPostprocessing = 0;
		};
		16E79ACA996D3F28EDF4AEF8 /* Sources */ = {
			isa = PBXSourcesBuildPhase;
			buildActionMask = 2147483647;
			files = (
				96F644EDF87BFF09D15A8635 /* HistoricalMotionActivityListView.swift in Sources */,
				2B838D27DFA29B434C7FDC0B /* LiveMotionActivityListView.swift in Sources */,
				E8BC9500A36C03E1CD85ADD6 /* MotionActivity.swift in Sources */,
				BCD3E69ED74B4A4569328CC5 /* MotionActivityApp.swift in Sources */,
				4155086E41B9FA8C47FF5831 /* MotionActivityFormatters.swift in Sources */,
				C03D5E3539F35B5D5C4F77DB /* MotionActivityGroup.swift in Sources */,
				F1773641D91D0599C16D1678 /* RootStore.swift in Sources */,
				4B78F4BEB098A523D5E9F6A4 /* RootView.swift in Sources */,
				246095C43F68186137D99F59 /* TimelineMotionActivityListView.swift in Sources */,
			);
			runOnlyForDeploymentPostprocessing = 0;
		};
		4518B46786990FC0592AE9FC /* Sources */ = {
			isa = PBXSourcesBuildPhase;
			buildActionMask = 2147483647;
			files = (
				04F57B110C33D90CD752EFF9 /* AppDelegate.swift in Sources */,
				027900ACF4BAE8B7294D8135 /* Database.swift in Sources */,
				93198D04D1F021F4AC43AB38 /* Event.swift in Sources */,
				DB0BFB308DB5716C5ADB80DC /* EventDetailView.swift in Sources */,
				C04BC2C8CB16C9B69FCA520C /* EventsListView.swift in Sources */,
				5D944246B50B7DB0A38BE890 /* GroundTruthLoggerApp.swift in Sources */,
				A92E9E40D48A30B37AD9B554 /* MillisecondDatePicker.swift in Sources */,
				A94C915BBEFDA0FCD92E7F4A /* RootStore.swift in Sources */,
				43C3F7C88E8B85E7483E8107 /* RootView.swift in Sources */,
			);
			runOnlyForDeploymentPostprocessing = 0;
		};
		782AAFBAD1F59D9F0A4F934A /* Sources */ = {
			isa = PBXSourcesBuildPhase;
			buildActionMask = 2147483647;
			files = (
				98EF7200FF76029631954BCF /* AppDelegate.swift in Sources */,
				A5CFA620F518D84E19DC63E2 /* Database.swift in Sources */,
				88774950FFC0BCE756A06405 /* ExportDatabaseView.swift in Sources */,
				AB611A5BA653BAA2B0BF096A /* Location.swift in Sources */,
				36DB86A69EB4736D4A8CF7E2 /* MotionActivity.swift in Sources */,
				28C5D2523F7540914194926E /* RootStore.swift in Sources */,
				93E953E899EC8D5555D9F677 /* RootView.swift in Sources */,
				3ECCFB828971F3FF6D0AAE23 /* Session.swift in Sources */,
				08388A815761079232E4A7A5 /* SessionDetailView.swift in Sources */,
				2338EB38594F35BFA52F6424 /* SessionsListView.swift in Sources */,
				716DE7557C82DD9149668CB4 /* StartEndLocationApp.swift in Sources */,
			);
			runOnlyForDeploymentPostprocessing = 0;
		};
		B2B9E3E38DA7AA7F298547B1 /* Sources */ = {
			isa = PBXSourcesBuildPhase;
			buildActionMask = 2147483647;
			files = (
				43685311A4EC64051EF0B5E3 /* AppDelegate.swift in Sources */,
				AED4450655CB8E583ABA5ED9 /* Database.swift in Sources */,
				D2F42FAE0691BB13515544BB /* ExportDatabaseView.swift in Sources */,
				5054E20E33A88546D41C82CD /* Location.swift in Sources */,
				37C31ED4C008EEC1DB8DC26A /* LocationsListView.swift in Sources */,
				6366FDD1D1EED275181AF221 /* RootStore.swift in Sources */,
				904607AD0E8F1FA23CDC2F4E /* RootView.swift in Sources */,
				402FBF98A15C4C7B2CBEAAED /* Session.swift in Sources */,
				CC03F24C2FAFD8292FD1FF1B /* SignificantStartLocationApp.swift in Sources */,
			);
			runOnlyForDeploymentPostprocessing = 0;
		};
/* End PBXSourcesBuildPhase section */

/* Begin XCBuildConfiguration section */
		0F94CDA2B21F0C4B67968733 /* Debug */ = {
			isa = XCBuildConfiguration;
			buildSettings = {
				ASSETCATALOG_COMPILER_APPICON_NAME = AppIcon;
				CODE_SIGN_IDENTITY = "iPhone Developer";
				DEVELOPMENT_TEAM = YK25EF78NT;
				INFOPLIST_FILE = GroundTruthLogger/Info.plist;
				LD_RUNPATH_SEARCH_PATHS = (
					"$(inherited)",
					"@executable_path/Frameworks",
				);
				PRODUCT_BUNDLE_IDENTIFIER = "com.twocentstudios.train-tracker-talk.GroundTruthLogger";
				SDKROOT = iphoneos;
				TARGETED_DEVICE_FAMILY = 1;
			};
			name = Debug;
		};
		30519FB5EF5CC489C5FE0ADE /* Release */ = {
			isa = XCBuildConfiguration;
			buildSettings = {
				ASSETCATALOG_COMPILER_APPICON_NAME = AppIcon;
				CODE_SIGN_IDENTITY = "iPhone Developer";
				DEVELOPMENT_TEAM = YK25EF78NT;
				INFOPLIST_FILE = SignificantStartLocation/Info.plist;
				LD_RUNPATH_SEARCH_PATHS = (
					"$(inherited)",
					"@executable_path/Frameworks",
				);
				PRODUCT_BUNDLE_IDENTIFIER = "com.twocentstudios.train-tracker-talk.SignificantStartLocation";
				SDKROOT = iphoneos;
				TARGETED_DEVICE_FAMILY = 1;
			};
			name = Release;
		};
		36B69A76D975F742D931CD46 /* Release */ = {
			isa = XCBuildConfiguration;
			buildSettings = {
				ASSETCATALOG_COMPILER_APPICON_NAME = AppIcon;
				CODE_SIGN_IDENTITY = "iPhone Developer";
				DEVELOPMENT_TEAM = YK25EF78NT;
				INFOPLIST_FILE = GroundTruthLogger/Info.plist;
				LD_RUNPATH_SEARCH_PATHS = (
					"$(inherited)",
					"@executable_path/Frameworks",
				);
				PRODUCT_BUNDLE_IDENTIFIER = "com.twocentstudios.train-tracker-talk.GroundTruthLogger";
				SDKROOT = iphoneos;
				TARGETED_DEVICE_FAMILY = 1;
			};
			name = Release;
		};
		4946EA7F1A182BDFE9F52D57 /* Debug */ = {
			isa = XCBuildConfiguration;
			buildSettings = {
				ASSETCATALOG_COMPILER_APPICON_NAME = AppIcon;
				CODE_SIGN_IDENTITY = "iPhone Developer";
				DEVELOPMENT_TEAM = YK25EF78NT;
				INFOPLIST_FILE = StartEndLocation/Info.plist;
				LD_RUNPATH_SEARCH_PATHS = (
					"$(inherited)",
					"@executable_path/Frameworks",
				);
				PRODUCT_BUNDLE_IDENTIFIER = "com.twocentstudios.train-tracker-talk.StartEndLocation";
				SDKROOT = iphoneos;
				TARGETED_DEVICE_FAMILY = 1;
			};
			name = Debug;
		};
		59FC4154B2EE2226BD152162 /* Debug */ = {
			isa = XCBuildConfiguration;
			buildSettings = {
				ALWAYS_SEARCH_USER_PATHS = NO;
				CLANG_ANALYZER_NONNULL = YES;
				CLANG_ANALYZER_NUMBER_OBJECT_CONVERSION = YES_AGGRESSIVE;
				CLANG_CXX_LANGUAGE_STANDARD = "gnu++14";
				CLANG_CXX_LIBRARY = "libc++";
				CLANG_ENABLE_MODULES = YES;
				CLANG_ENABLE_OBJC_ARC = YES;
				CLANG_ENABLE_OBJC_WEAK = YES;
				CLANG_WARN_BLOCK_CAPTURE_AUTORELEASING = YES;
				CLANG_WARN_BOOL_CONVERSION = YES;
				CLANG_WARN_COMMA = YES;
				CLANG_WARN_CONSTANT_CONVERSION = YES;
				CLANG_WARN_DEPRECATED_OBJC_IMPLEMENTATIONS = YES;
				CLANG_WARN_DIRECT_OBJC_ISA_USAGE = YES_ERROR;
				CLANG_WARN_DOCUMENTATION_COMMENTS = YES;
				CLANG_WARN_EMPTY_BODY = YES;
				CLANG_WARN_ENUM_CONVERSION = YES;
				CLANG_WARN_INFINITE_RECURSION = YES;
				CLANG_WARN_INT_CONVERSION = YES;
				CLANG_WARN_NON_LITERAL_NULL_CONVERSION = YES;
				CLANG_WARN_OBJC_IMPLICIT_RETAIN_SELF = YES;
				CLANG_WARN_OBJC_LITERAL_CONVERSION = YES;
				CLANG_WARN_OBJC_ROOT_CLASS = YES_ERROR;
				CLANG_WARN_QUOTED_INCLUDE_IN_FRAMEWORK_HEADER = YES;
				CLANG_WARN_RANGE_LOOP_ANALYSIS = YES;
				CLANG_WARN_STRICT_PROTOTYPES = YES;
				CLANG_WARN_SUSPICIOUS_MOVE = YES;
				CLANG_WARN_UNGUARDED_AVAILABILITY = YES_AGGRESSIVE;
				CLANG_WARN_UNREACHABLE_CODE = YES;
				CLANG_WARN__DUPLICATE_METHOD_MATCH = YES;
				COPY_PHASE_STRIP = NO;
				DEBUG_INFORMATION_FORMAT = dwarf;
				ENABLE_STRICT_OBJC_MSGSEND = YES;
				ENABLE_TESTABILITY = YES;
				GCC_C_LANGUAGE_STANDARD = gnu11;
				GCC_DYNAMIC_NO_PIC = NO;
				GCC_NO_COMMON_BLOCKS = YES;
				GCC_OPTIMIZATION_LEVEL = 0;
				GCC_PREPROCESSOR_DEFINITIONS = (
					"$(inherited)",
					"DEBUG=1",
				);
				GCC_WARN_64_TO_32_BIT_CONVERSION = YES;
				GCC_WARN_ABOUT_RETURN_TYPE = YES_ERROR;
				GCC_WARN_UNDECLARED_SELECTOR = YES;
				GCC_WARN_UNINITIALIZED_AUTOS = YES_AGGRESSIVE;
				GCC_WARN_UNUSED_FUNCTION = YES;
				GCC_WARN_UNUSED_VARIABLE = YES;
				IPHONEOS_DEPLOYMENT_TARGET = 18.0;
				MACOSX_DEPLOYMENT_TARGET = 15.0;
				MTL_ENABLE_DEBUG_INFO = INCLUDE_SOURCE;
				MTL_FAST_MATH = YES;
				ONLY_ACTIVE_ARCH = YES;
				PRODUCT_NAME = "$(TARGET_NAME)";
				SDKROOT = iphoneos;
				SWIFT_ACTIVE_COMPILATION_CONDITIONS = DEBUG;
				SWIFT_OPTIMIZATION_LEVEL = "-Onone";
				SWIFT_VERSION = 5.0;
			};
			name = Debug;
		};
		69B78F67F62DC06BECC6B6B3 /* Debug */ = {
			isa = XCBuildConfiguration;
			buildSettings = {
				ASSETCATALOG_COMPILER_APPICON_NAME = AppIcon;
				CODE_SIGN_IDENTITY = "iPhone Developer";
				DEVELOPMENT_TEAM = YK25EF78NT;
				INFOPLIST_FILE = MotionActivity/Info.plist;
				LD_RUNPATH_SEARCH_PATHS = (
					"$(inherited)",
					"@executable_path/Frameworks",
				);
				PRODUCT_BUNDLE_IDENTIFIER = "com.twocentstudios.train-tracker-talk.MotionActivity";
				SDKROOT = iphoneos;
				TARGETED_DEVICE_FAMILY = 1;
			};
			name = Debug;
		};
		9B76E2AA768508995A028B53 /* Release */ = {
			isa = XCBuildConfiguration;
			buildSettings = {
				ALWAYS_SEARCH_USER_PATHS = NO;
				CLANG_ANALYZER_NONNULL = YES;
				CLANG_ANALYZER_NUMBER_OBJECT_CONVERSION = YES_AGGRESSIVE;
				CLANG_CXX_LANGUAGE_STANDARD = "gnu++14";
				CLANG_CXX_LIBRARY = "libc++";
				CLANG_ENABLE_MODULES = YES;
				CLANG_ENABLE_OBJC_ARC = YES;
				CLANG_ENABLE_OBJC_WEAK = YES;
				CLANG_WARN_BLOCK_CAPTURE_AUTORELEASING = YES;
				CLANG_WARN_BOOL_CONVERSION = YES;
				CLANG_WARN_COMMA = YES;
				CLANG_WARN_CONSTANT_CONVERSION = YES;
				CLANG_WARN_DEPRECATED_OBJC_IMPLEMENTATIONS = YES;
				CLANG_WARN_DIRECT_OBJC_ISA_USAGE = YES_ERROR;
				CLANG_WARN_DOCUMENTATION_COMMENTS = YES;
				CLANG_WARN_EMPTY_BODY = YES;
				CLANG_WARN_ENUM_CONVERSION = YES;
				CLANG_WARN_INFINITE_RECURSION = YES;
				CLANG_WARN_INT_CONVERSION = YES;
				CLANG_WARN_NON_LITERAL_NULL_CONVERSION = YES;
				CLANG_WARN_OBJC_IMPLICIT_RETAIN_SELF = YES;
				CLANG_WARN_OBJC_LITERAL_CONVERSION = YES;
				CLANG_WARN_OBJC_ROOT_CLASS = YES_ERROR;
				CLANG_WARN_QUOTED_INCLUDE_IN_FRAMEWORK_HEADER = YES;
				CLANG_WARN_RANGE_LOOP_ANALYSIS = YES;
				CLANG_WARN_STRICT_PROTOTYPES = YES;
				CLANG_WARN_SUSPICIOUS_MOVE = YES;
				CLANG_WARN_UNGUARDED_AVAILABILITY = YES_AGGRESSIVE;
				CLANG_WARN_UNREACHABLE_CODE = YES;
				CLANG_WARN__DUPLICATE_METHOD_MATCH = YES;
				COPY_PHASE_STRIP = NO;
				DEBUG_INFORMATION_FORMAT = "dwarf-with-dsym";
				ENABLE_NS_ASSERTIONS = NO;
				ENABLE_STRICT_OBJC_MSGSEND = YES;
				GCC_C_LANGUAGE_STANDARD = gnu11;
				GCC_NO_COMMON_BLOCKS = YES;
				GCC_WARN_64_TO_32_BIT_CONVERSION = YES;
				GCC_WARN_ABOUT_RETURN_TYPE = YES_ERROR;
				GCC_WARN_UNDECLARED_SELECTOR = YES;
				GCC_WARN_UNINITIALIZED_AUTOS = YES_AGGRESSIVE;
				GCC_WARN_UNUSED_FUNCTION = YES;
				GCC_WARN_UNUSED_VARIABLE = YES;
				IPHONEOS_DEPLOYMENT_TARGET = 18.0;
				MACOSX_DEPLOYMENT_TARGET = 15.0;
				MTL_ENABLE_DEBUG_INFO = NO;
				MTL_FAST_MATH = YES;
				PRODUCT_NAME = "$(TARGET_NAME)";
				SDKROOT = iphoneos;
				SWIFT_COMPILATION_MODE = wholemodule;
				SWIFT_OPTIMIZATION_LEVEL = "-O";
				SWIFT_VERSION = 5.0;
			};
			name = Release;
		};
		A29A308D64A5F6D6DF47BBDF /* Release */ = {
			isa = XCBuildConfiguration;
			buildSettings = {
				ASSETCATALOG_COMPILER_APPICON_NAME = AppIcon;
				CODE_SIGN_IDENTITY = "iPhone Developer";
				DEVELOPMENT_TEAM = YK25EF78NT;
				INFOPLIST_FILE = MotionActivity/Info.plist;
				LD_RUNPATH_SEARCH_PATHS = (
					"$(inherited)",
					"@executable_path/Frameworks",
				);
				PRODUCT_BUNDLE_IDENTIFIER = "com.twocentstudios.train-tracker-talk.MotionActivity";
				SDKROOT = iphoneos;
				TARGETED_DEVICE_FAMILY = 1;
			};
			name = Release;
		};
		BCAEA9B1A1D1A5FC3F709C26 /* Debug */ = {
			isa = XCBuildConfiguration;
			buildSettings = {
				ASSETCATALOG_COMPILER_APPICON_NAME = AppIcon;
				CODE_SIGN_IDENTITY = "iPhone Developer";
				DEVELOPMENT_TEAM = YK25EF78NT;
				INFOPLIST_FILE = SignificantChange/Info.plist;
				LD_RUNPATH_SEARCH_PATHS = (
					"$(inherited)",
					"@executable_path/Frameworks",
				);
				PRODUCT_BUNDLE_IDENTIFIER = "com.twocentstudios.train-tracker-talk.SignificantChange";
				SDKROOT = iphoneos;
				TARGETED_DEVICE_FAMILY = 1;
			};
			name = Debug;
		};
		E311262FE55D56EFE8C696CF /* Release */ = {
			isa = XCBuildConfiguration;
			buildSettings = {
				ASSETCATALOG_COMPILER_APPICON_NAME = AppIcon;
				CODE_SIGN_IDENTITY = "iPhone Developer";
				DEVELOPMENT_TEAM = YK25EF78NT;
				INFOPLIST_FILE = SignificantChange/Info.plist;
				LD_RUNPATH_SEARCH_PATHS = (
					"$(inherited)",
					"@executable_path/Frameworks",
				);
				PRODUCT_BUNDLE_IDENTIFIER = "com.twocentstudios.train-tracker-talk.SignificantChange";
				SDKROOT = iphoneos;
				TARGETED_DEVICE_FAMILY = 1;
			};
			name = Release;
		};
		F4A5390273E4C430C297FE74 /* Debug */ = {
			isa = XCBuildConfiguration;
			buildSettings = {
				ASSETCATALOG_COMPILER_APPICON_NAME = AppIcon;
				CODE_SIGN_IDENTITY = "iPhone Developer";
				DEVELOPMENT_TEAM = YK25EF78NT;
				INFOPLIST_FILE = SignificantStartLocation/Info.plist;
				LD_RUNPATH_SEARCH_PATHS = (
					"$(inherited)",
					"@executable_path/Frameworks",
				);
				PRODUCT_BUNDLE_IDENTIFIER = "com.twocentstudios.train-tracker-talk.SignificantStartLocation";
				SDKROOT = iphoneos;
				TARGETED_DEVICE_FAMILY = 1;
			};
			name = Debug;
		};
		F865B634817660BF95ED756D /* Release */ = {
			isa = XCBuildConfiguration;
			buildSettings = {
				ASSETCATALOG_COMPILER_APPICON_NAME = AppIcon;
				CODE_SIGN_IDENTITY = "iPhone Developer";
				DEVELOPMENT_TEAM = YK25EF78NT;
				INFOPLIST_FILE = StartEndLocation/Info.plist;
				LD_RUNPATH_SEARCH_PATHS = (
					"$(inherited)",
					"@executable_path/Frameworks",
				);
				PRODUCT_BUNDLE_IDENTIFIER = "com.twocentstudios.train-tracker-talk.StartEndLocation";
				SDKROOT = iphoneos;
				TARGETED_DEVICE_FAMILY = 1;
			};
			name = Release;
		};
/* End XCBuildConfiguration section */

/* Begin XCConfigurationList section */
		9C98A8FBDCDCF237FDC7725E /* Build configuration list for PBXNativeTarget "SignificantChange" */ = {
			isa = XCConfigurationList;
			buildConfigurations = (
				BCAEA9B1A1D1A5FC3F709C26 /* Debug */,
				E311262FE55D56EFE8C696CF /* Release */,
			);
			defaultConfigurationIsVisible = 0;
			defaultConfigurationName = Debug;
		};
		D54F7E80AD5282B7C0236470 /* Build configuration list for PBXNativeTarget "StartEndLocation" */ = {
			isa = XCConfigurationList;
			buildConfigurations = (
				4946EA7F1A182BDFE9F52D57 /* Debug */,
				F865B634817660BF95ED756D /* Release */,
			);
			defaultConfigurationIsVisible = 0;
			defaultConfigurationName = Debug;
		};
		D6CFBAB1A18DF3F455ABF4EF /* Build configuration list for PBXProject "train-tracker-talk" */ = {
			isa = XCConfigurationList;
			buildConfigurations = (
				59FC4154B2EE2226BD152162 /* Debug */,
				9B76E2AA768508995A028B53 /* Release */,
			);
			defaultConfigurationIsVisible = 0;
			defaultConfigurationName = Debug;
		};
		EE3CC435B02A1CE1D05D2F5F /* Build configuration list for PBXNativeTarget "SignificantStartLocation" */ = {
			isa = XCConfigurationList;
			buildConfigurations = (
				F4A5390273E4C430C297FE74 /* Debug */,
				30519FB5EF5CC489C5FE0ADE /* Release */,
			);
			defaultConfigurationIsVisible = 0;
			defaultConfigurationName = Debug;
		};
		F2EC744DDD6695F63F2F4D43 /* Build configuration list for PBXNativeTarget "GroundTruthLogger" */ = {
			isa = XCConfigurationList;
			buildConfigurations = (
				0F94CDA2B21F0C4B67968733 /* Debug */,
				36B69A76D975F742D931CD46 /* Release */,
			);
			defaultConfigurationIsVisible = 0;
			defaultConfigurationName = Debug;
		};
		F3A8282DBA83D6A26A7B4AF0 /* Build configuration list for PBXNativeTarget "MotionActivity" */ = {
			isa = XCConfigurationList;
			buildConfigurations = (
				69B78F67F62DC06BECC6B6B3 /* Debug */,
				A29A308D64A5F6D6DF47BBDF /* Release */,
			);
			defaultConfigurationIsVisible = 0;
			defaultConfigurationName = Debug;
		};
/* End XCConfigurationList section */

/* Begin XCRemoteSwiftPackageReference section */
		C46381C78FF4F43BAADBE003 /* XCRemoteSwiftPackageReference "sharing-grdb" */ = {
			isa = XCRemoteSwiftPackageReference;
			repositoryURL = "https://github.com/pointfreeco/sharing-grdb";
			requirement = {
				kind = upToNextMajorVersion;
				minimumVersion = 0.1.0;
			};
		};
/* End XCRemoteSwiftPackageReference section */

/* Begin XCSwiftPackageProductDependency section */
		5E8C97371DBEF2370B5B0550 /* SharingGRDB */ = {
			isa = XCSwiftPackageProductDependency;
			package = C46381C78FF4F43BAADBE003 /* XCRemoteSwiftPackageReference "sharing-grdb" */;
			productName = SharingGRDB;
		};
		7CBCFCEE905CD52DBBABE955 /* SharingGRDB */ = {
			isa = XCSwiftPackageProductDependency;
			package = C46381C78FF4F43BAADBE003 /* XCRemoteSwiftPackageReference "sharing-grdb" */;
			productName = SharingGRDB;
		};
		ADFBA59BD17E6946420D0029 /* SharingGRDB */ = {
			isa = XCSwiftPackageProductDependency;
			package = C46381C78FF4F43BAADBE003 /* XCRemoteSwiftPackageReference "sharing-grdb" */;
			productName = SharingGRDB;
		};
		B776F4763A99FC2B90CFFBC4 /* SharingGRDB */ = {
			isa = XCSwiftPackageProductDependency;
			package = C46381C78FF4F43BAADBE003 /* XCRemoteSwiftPackageReference "sharing-grdb" */;
			productName = SharingGRDB;
		};
		CF8C1C445D58EB6666F7CE8C /* SharingGRDB */ = {
			isa = XCSwiftPackageProductDependency;
			package = C46381C78FF4F43BAADBE003 /* XCRemoteSwiftPackageReference "sharing-grdb" */;
			productName = SharingGRDB;
		};
/* End XCSwiftPackageProductDependency section */
	};
	rootObject = DC472B58C71706AC819192C4 /* Project object */;
}
