// !$*UTF8*$!
{
	archiveVersion = 1;
	classes = {
	};
	objectVersion = 54;
	objects = {

/* Begin PBXBuildFile section */
		0BD24F885FC96153684E2F1F /* SharingGRDB in Frameworks */ = {isa = PBXBuildFile; productRef = CF8C1C445D58EB6666F7CE8C /* SharingGRDB */; };
		1EAFD3CE313896296E746E9D /* Preview Assets.xcassets in Resources */ = {isa = PBXBuildFile; fileRef = 8DE96769FB2682C96E7AEE19 /* Preview Assets.xcassets */; };
		24FD563F397813FD77676C51 /* AppDelegate.swift in Sources */ = {isa = PBXBuildFile; fileRef = D1BF42960E46892C2915F62E /* AppDelegate.swift */; };
		6219471F49867A780C3B7B9E /* RootStore.swift in Sources */ = {isa = PBXBuildFile; fileRef = 0D53BD5A16BF0E9944384945 /* RootStore.swift */; };
		7F56D14ACE3A1596EEFDA931 /* RootView.swift in Sources */ = {isa = PBXBuildFile; fileRef = 38AEAE8A0D8067E23297CED8 /* RootView.swift */; };
		B9C545FB7C2FA199923BACA8 /* Assets.xcassets in Resources */ = {isa = PBXBuildFile; fileRef = EE705A7A0AF5A9C780685B5B /* Assets.xcassets */; };
		E8776F18A720BCB905A319CB /* SignificantChangeApp.swift in Sources */ = {isa = PBXBuildFile; fileRef = 397C76A9C68E9239BC07A8A9 /* SignificantChangeApp.swift */; };
/* End PBXBuildFile section */

/* Begin PBXFileReference section */
		0D53BD5A16BF0E9944384945 /* RootStore.swift */ = {isa = PBXFileReference; lastKnownFileType = sourcecode.swift; path = RootStore.swift; sourceTree = "<group>"; };
		38AEAE8A0D8067E23297CED8 /* RootView.swift */ = {isa = PBXFileReference; lastKnownFileType = sourcecode.swift; path = RootView.swift; sourceTree = "<group>"; };
		397C76A9C68E9239BC07A8A9 /* SignificantChangeApp.swift */ = {isa = PBXFileReference; lastKnownFileType = sourcecode.swift; path = SignificantChangeApp.swift; sourceTree = "<group>"; };
		71A63CC4FCD4A2BE3837A98F /* Info.plist */ = {isa = PBXFileReference; lastKnownFileType = text.plist; path = Info.plist; sourceTree = "<group>"; };
		8DE96769FB2682C96E7AEE19 /* Preview Assets.xcassets */ = {isa = PBXFileReference; lastKnownFileType = folder.assetcatalog; path = "Preview Assets.xcassets"; sourceTree = "<group>"; };
		B73FE975540A245E41FAFE34 /* SignificantChange.app */ = {isa = PBXFileReference; includeInIndex = 0; lastKnownFileType = wrapper.application; path = SignificantChange.app; sourceTree = BUILT_PRODUCTS_DIR; };
		BD13A584825DAB91B60CD092 /* CLAUDE.md */ = {isa = PBXFileReference; lastKnownFileType = net.daringfireball.markdown; path = CLAUDE.md; sourceTree = "<group>"; };
		C4265C695B3D3FCAF7294813 /* CLAUDE.md */ = {isa = PBXFileReference; lastKnownFileType = net.daringfireball.markdown; path = CLAUDE.md; sourceTree = "<group>"; };
		D1BF42960E46892C2915F62E /* AppDelegate.swift */ = {isa = PBXFileReference; lastKnownFileType = sourcecode.swift; path = AppDelegate.swift; sourceTree = "<group>"; };
		EE705A7A0AF5A9C780685B5B /* Assets.xcassets */ = {isa = PBXFileReference; lastKnownFileType = folder.assetcatalog; path = Assets.xcassets; sourceTree = "<group>"; };
/* End PBXFileReference section */

/* Begin PBXFrameworksBuildPhase section */
		0AA1C857B474662AA6A76893 /* Frameworks */ = {
			isa = PBXFrameworksBuildPhase;
			buildActionMask = 2147483647;
			files = (
				0BD24F885FC96153684E2F1F /* SharingGRDB in Frameworks */,
			);
			runOnlyForDeploymentPostprocessing = 0;
		};
/* End PBXFrameworksBuildPhase section */

/* Begin PBXGroup section */
		2ED4A01FB25DE796DA863A47 /* SignificantChange */ = {
			isa = PBXGroup;
			children = (
				D1BF42960E46892C2915F62E /* AppDelegate.swift */,
				EE705A7A0AF5A9C780685B5B /* Assets.xcassets */,
				C4265C695B3D3FCAF7294813 /* CLAUDE.md */,
				71A63CC4FCD4A2BE3837A98F /* Info.plist */,
				0D53BD5A16BF0E9944384945 /* RootStore.swift */,
				38AEAE8A0D8067E23297CED8 /* RootView.swift */,
				397C76A9C68E9239BC07A8A9 /* SignificantChangeApp.swift */,
				ECEFE74AF76BB4C473BEEF1A /* Preview Content */,
			);
			path = SignificantChange;
			sourceTree = "<group>";
		};
		3307D3860F7A7CA7B3A35DF7 = {
			isa = PBXGroup;
			children = (
				BD13A584825DAB91B60CD092 /* CLAUDE.md */,
				2ED4A01FB25DE796DA863A47 /* SignificantChange */,
				6E7DF4051BD1174630658B0A /* Products */,
			);
			sourceTree = "<group>";
		};
		6E7DF4051BD1174630658B0A /* Products */ = {
			isa = PBXGroup;
			children = (
				B73FE975540A245E41FAFE34 /* SignificantChange.app */,
			);
			name = Products;
			sourceTree = "<group>";
		};
		ECEFE74AF76BB4C473BEEF1A /* Preview Content */ = {
			isa = PBXGroup;
			children = (
				8DE96769FB2682C96E7AEE19 /* Preview Assets.xcassets */,
			);
			path = "Preview Content";
			sourceTree = "<group>";
		};
/* End PBXGroup section */

/* Begin PBXNativeTarget section */
		927024F8DD398C84AE4D215E /* SignificantChange */ = {
			isa = PBXNativeTarget;
			buildConfigurationList = 9C98A8FBDCDCF237FDC7725E /* Build configuration list for PBXNativeTarget "SignificantChange" */;
			buildPhases = (
				0ED1909D471FADBAE3924EFD /* Sources */,
				9DD236F05B3958CA6063375A /* Resources */,
				0AA1C857B474662AA6A76893 /* Frameworks */,
			);
			buildRules = (
			);
			dependencies = (
			);
			name = SignificantChange;
			packageProductDependencies = (
				CF8C1C445D58EB6666F7CE8C /* SharingGRDB */,
			);
			productName = SignificantChange;
			productReference = B73FE975540A245E41FAFE34 /* SignificantChange.app */;
			productType = "com.apple.product-type.application";
		};
/* End PBXNativeTarget section */

/* Begin PBXProject section */
		DC472B58C71706AC819192C4 /* Project object */ = {
			isa = PBXProject;
			attributes = {
				BuildIndependentTargetsInParallel = YES;
				LastUpgradeCheck = 1430;
				TargetAttributes = {
				};
			};
			buildConfigurationList = D6CFBAB1A18DF3F455ABF4EF /* Build configuration list for PBXProject "train-tracker-talk" */;
			compatibilityVersion = "Xcode 14.0";
			developmentRegion = en;
			hasScannedForEncodings = 0;
			knownRegions = (
				Base,
				en,
			);
			mainGroup = 3307D3860F7A7CA7B3A35DF7;
			minimizedProjectReferenceProxies = 1;
			packageReferences = (
				C46381C78FF4F43BAADBE003 /* XCRemoteSwiftPackageReference "sharing-grdb" */,
			);
			preferredProjectObjectVersion = 54;
			projectDirPath = "";
			projectRoot = "";
			targets = (
				927024F8DD398C84AE4D215E /* SignificantChange */,
			);
		};
/* End PBXProject section */

/* Begin PBXResourcesBuildPhase section */
		9DD236F05B3958CA6063375A /* Resources */ = {
			isa = PBXResourcesBuildPhase;
			buildActionMask = 2147483647;
			files = (
				B9C545FB7C2FA199923BACA8 /* Assets.xcassets in Resources */,
				1EAFD3CE313896296E746E9D /* Preview Assets.xcassets in Resources */,
			);
			runOnlyForDeploymentPostprocessing = 0;
		};
/* End PBXResourcesBuildPhase section */

/* Begin PBXSourcesBuildPhase section */
		0ED1909D471FADBAE3924EFD /* Sources */ = {
			isa = PBXSourcesBuildPhase;
			buildActionMask = 2147483647;
			files = (
				24FD563F397813FD77676C51 /* AppDelegate.swift in Sources */,
				6219471F49867A780C3B7B9E /* RootStore.swift in Sources */,
				7F56D14ACE3A1596EEFDA931 /* RootView.swift in Sources */,
				E8776F18A720BCB905A319CB /* SignificantChangeApp.swift in Sources */,
			);
			runOnlyForDeploymentPostprocessing = 0;
		};
/* End PBXSourcesBuildPhase section */

/* Begin XCBuildConfiguration section */
		59FC4154B2EE2226BD152162 /* Debug */ = {
			isa = XCBuildConfiguration;
			buildSettings = {
				ALWAYS_SEARCH_USER_PATHS = NO;
				CLANG_ANALYZER_NONNULL = YES;
				CLANG_ANALYZER_NUMBER_OBJECT_CONVERSION = YES_AGGRESSIVE;
				CLANG_CXX_LANGUAGE_STANDARD = "gnu++14";
				CLANG_CXX_LIBRARY = "libc++";
				CLANG_ENABLE_MODULES = YES;
				CLANG_ENABLE_OBJC_ARC = YES;
				CLANG_ENABLE_OBJC_WEAK = YES;
				CLANG_WARN_BLOCK_CAPTURE_AUTORELEASING = YES;
				CLANG_WARN_BOOL_CONVERSION = YES;
				CLANG_WARN_COMMA = YES;
				CLANG_WARN_CONSTANT_CONVERSION = YES;
				CLANG_WARN_DEPRECATED_OBJC_IMPLEMENTATIONS = YES;
				CLANG_WARN_DIRECT_OBJC_ISA_USAGE = YES_ERROR;
				CLANG_WARN_DOCUMENTATION_COMMENTS = YES;
				CLANG_WARN_EMPTY_BODY = YES;
				CLANG_WARN_ENUM_CONVERSION = YES;
				CLANG_WARN_INFINITE_RECURSION = YES;
				CLANG_WARN_INT_CONVERSION = YES;
				CLANG_WARN_NON_LITERAL_NULL_CONVERSION = YES;
				CLANG_WARN_OBJC_IMPLICIT_RETAIN_SELF = YES;
				CLANG_WARN_OBJC_LITERAL_CONVERSION = YES;
				CLANG_WARN_OBJC_ROOT_CLASS = YES_ERROR;
				CLANG_WARN_QUOTED_INCLUDE_IN_FRAMEWORK_HEADER = YES;
				CLANG_WARN_RANGE_LOOP_ANALYSIS = YES;
				CLANG_WARN_STRICT_PROTOTYPES = YES;
				CLANG_WARN_SUSPICIOUS_MOVE = YES;
				CLANG_WARN_UNGUARDED_AVAILABILITY = YES_AGGRESSIVE;
				CLANG_WARN_UNREACHABLE_CODE = YES;
				CLANG_WARN__DUPLICATE_METHOD_MATCH = YES;
				COPY_PHASE_STRIP = NO;
				DEBUG_INFORMATION_FORMAT = dwarf;
				ENABLE_STRICT_OBJC_MSGSEND = YES;
				ENABLE_TESTABILITY = YES;
				GCC_C_LANGUAGE_STANDARD = gnu11;
				GCC_DYNAMIC_NO_PIC = NO;
				GCC_NO_COMMON_BLOCKS = YES;
				GCC_OPTIMIZATION_LEVEL = 0;
				GCC_PREPROCESSOR_DEFINITIONS = (
					"$(inherited)",
					"DEBUG=1",
				);
				GCC_WARN_64_TO_32_BIT_CONVERSION = YES;
				GCC_WARN_ABOUT_RETURN_TYPE = YES_ERROR;
				GCC_WARN_UNDECLARED_SELECTOR = YES;
				GCC_WARN_UNINITIALIZED_AUTOS = YES_AGGRESSIVE;
				GCC_WARN_UNUSED_FUNCTION = YES;
				GCC_WARN_UNUSED_VARIABLE = YES;
				IPHONEOS_DEPLOYMENT_TARGET = 18.0;
				MACOSX_DEPLOYMENT_TARGET = 15.0;
				MTL_ENABLE_DEBUG_INFO = INCLUDE_SOURCE;
				MTL_FAST_MATH = YES;
				ONLY_ACTIVE_ARCH = YES;
				PRODUCT_NAME = "$(TARGET_NAME)";
				SDKROOT = iphoneos;
				SWIFT_ACTIVE_COMPILATION_CONDITIONS = DEBUG;
				SWIFT_OPTIMIZATION_LEVEL = "-Onone";
				SWIFT_VERSION = 5.0;
			};
			name = Debug;
		};
		9B76E2AA768508995A028B53 /* Release */ = {
			isa = XCBuildConfiguration;
			buildSettings = {
				ALWAYS_SEARCH_USER_PATHS = NO;
				CLANG_ANALYZER_NONNULL = YES;
				CLANG_ANALYZER_NUMBER_OBJECT_CONVERSION = YES_AGGRESSIVE;
				CLANG_CXX_LANGUAGE_STANDARD = "gnu++14";
				CLANG_CXX_LIBRARY = "libc++";
				CLANG_ENABLE_MODULES = YES;
				CLANG_ENABLE_OBJC_ARC = YES;
				CLANG_ENABLE_OBJC_WEAK = YES;
				CLANG_WARN_BLOCK_CAPTURE_AUTORELEASING = YES;
				CLANG_WARN_BOOL_CONVERSION = YES;
				CLANG_WARN_COMMA = YES;
				CLANG_WARN_CONSTANT_CONVERSION = YES;
				CLANG_WARN_DEPRECATED_OBJC_IMPLEMENTATIONS = YES;
				CLANG_WARN_DIRECT_OBJC_ISA_USAGE = YES_ERROR;
				CLANG_WARN_DOCUMENTATION_COMMENTS = YES;
				CLANG_WARN_EMPTY_BODY = YES;
				CLANG_WARN_ENUM_CONVERSION = YES;
				CLANG_WARN_INFINITE_RECURSION = YES;
				CLANG_WARN_INT_CONVERSION = YES;
				CLANG_WARN_NON_LITERAL_NULL_CONVERSION = YES;
				CLANG_WARN_OBJC_IMPLICIT_RETAIN_SELF = YES;
				CLANG_WARN_OBJC_LITERAL_CONVERSION = YES;
				CLANG_WARN_OBJC_ROOT_CLASS = YES_ERROR;
				CLANG_WARN_QUOTED_INCLUDE_IN_FRAMEWORK_HEADER = YES;
				CLANG_WARN_RANGE_LOOP_ANALYSIS = YES;
				CLANG_WARN_STRICT_PROTOTYPES = YES;
				CLANG_WARN_SUSPICIOUS_MOVE = YES;
				CLANG_WARN_UNGUARDED_AVAILABILITY = YES_AGGRESSIVE;
				CLANG_WARN_UNREACHABLE_CODE = YES;
				CLANG_WARN__DUPLICATE_METHOD_MATCH = YES;
				COPY_PHASE_STRIP = NO;
				DEBUG_INFORMATION_FORMAT = "dwarf-with-dsym";
				ENABLE_NS_ASSERTIONS = NO;
				ENABLE_STRICT_OBJC_MSGSEND = YES;
				GCC_C_LANGUAGE_STANDARD = gnu11;
				GCC_NO_COMMON_BLOCKS = YES;
				GCC_WARN_64_TO_32_BIT_CONVERSION = YES;
				GCC_WARN_ABOUT_RETURN_TYPE = YES_ERROR;
				GCC_WARN_UNDECLARED_SELECTOR = YES;
				GCC_WARN_UNINITIALIZED_AUTOS = YES_AGGRESSIVE;
				GCC_WARN_UNUSED_FUNCTION = YES;
				GCC_WARN_UNUSED_VARIABLE = YES;
				IPHONEOS_DEPLOYMENT_TARGET = 18.0;
				MACOSX_DEPLOYMENT_TARGET = 15.0;
				MTL_ENABLE_DEBUG_INFO = NO;
				MTL_FAST_MATH = YES;
				PRODUCT_NAME = "$(TARGET_NAME)";
				SDKROOT = iphoneos;
				SWIFT_COMPILATION_MODE = wholemodule;
				SWIFT_OPTIMIZATION_LEVEL = "-O";
				SWIFT_VERSION = 5.0;
			};
			name = Release;
		};
		BCAEA9B1A1D1A5FC3F709C26 /* Debug */ = {
			isa = XCBuildConfiguration;
			buildSettings = {
				ASSETCATALOG_COMPILER_APPICON_NAME = AppIcon;
				CODE_SIGN_IDENTITY = "iPhone Developer";
				INFOPLIST_FILE = SignificantChange/Info.plist;
				LD_RUNPATH_SEARCH_PATHS = (
					"$(inherited)",
					"@executable_path/Frameworks",
				);
				PRODUCT_BUNDLE_IDENTIFIER = "com.ctrott.train-tracker-talk.SignificantChange";
				SDKROOT = iphoneos;
				TARGETED_DEVICE_FAMILY = "1,2";
			};
			name = Debug;
		};
		E311262FE55D56EFE8C696CF /* Release */ = {
			isa = XCBuildConfiguration;
			buildSettings = {
				ASSETCATALOG_COMPILER_APPICON_NAME = AppIcon;
				CODE_SIGN_IDENTITY = "iPhone Developer";
				INFOPLIST_FILE = SignificantChange/Info.plist;
				LD_RUNPATH_SEARCH_PATHS = (
					"$(inherited)",
					"@executable_path/Frameworks",
				);
				PRODUCT_BUNDLE_IDENTIFIER = "com.ctrott.train-tracker-talk.SignificantChange";
				SDKROOT = iphoneos;
				TARGETED_DEVICE_FAMILY = "1,2";
			};
			name = Release;
		};
/* End XCBuildConfiguration section */

/* Begin XCConfigurationList section */
		9C98A8FBDCDCF237FDC7725E /* Build configuration list for PBXNativeTarget "SignificantChange" */ = {
			isa = XCConfigurationList;
			buildConfigurations = (
				BCAEA9B1A1D1A5FC3F709C26 /* Debug */,
				E311262FE55D56EFE8C696CF /* Release */,
			);
			defaultConfigurationIsVisible = 0;
			defaultConfigurationName = Debug;
		};
		D6CFBAB1A18DF3F455ABF4EF /* Build configuration list for PBXProject "train-tracker-talk" */ = {
			isa = XCConfigurationList;
			buildConfigurations = (
				59FC4154B2EE2226BD152162 /* Debug */,
				9B76E2AA768508995A028B53 /* Release */,
			);
			defaultConfigurationIsVisible = 0;
			defaultConfigurationName = Debug;
		};
/* End XCConfigurationList section */

/* Begin XCRemoteSwiftPackageReference section */
		C46381C78FF4F43BAADBE003 /* XCRemoteSwiftPackageReference "sharing-grdb" */ = {
			isa = XCRemoteSwiftPackageReference;
			repositoryURL = "https://github.com/pointfreeco/sharing-grdb";
			requirement = {
				kind = upToNextMajorVersion;
				minimumVersion = 0.1.0;
			};
		};
/* End XCRemoteSwiftPackageReference section */

/* Begin XCSwiftPackageProductDependency section */
		CF8C1C445D58EB6666F7CE8C /* SharingGRDB */ = {
			isa = XCSwiftPackageProductDependency;
			package = C46381C78FF4F43BAADBE003 /* XCRemoteSwiftPackageReference "sharing-grdb" */;
			productName = SharingGRDB;
		};
/* End XCSwiftPackageProductDependency section */
	};
	rootObject = DC472B58C71706AC819192C4 /* Project object */;
}
